
Microsoft Visual Studio Solution File, Format Version 12.00
# Visual Studio Version 17
VisualStudioVersion = 17.1.32210.238
MinimumVisualStudioVersion = 10.0.40219.1
Project("{6EC3EE1D-3C4E-46DD-8F32-0CC8E7565705}") = "Octalyzer", "Octalyzer\Octalyzer.fsproj", "{B3E4E7E8-165D-4165-9840-0356AD442DDE}"
EndProject
Project("{6EC3EE1D-3C4E-46DD-8F32-0CC8E7565705}") = "Octalyzer.Tests", "Octalyzer.Tests\Octalyzer.Tests.fsproj", "{5B6B4397-78F4-4377-8D04-285E4465715E}"
EndProject
Project("{2150E333-8FDC-42A3-9474-1A3956D46DE8}") = "Solution Items", "Solution Items", "{CC40F074-480D-4E95-B48E-53891BA4E108}"
	ProjectSection(SolutionItems) = preProject
		.gitignore = .gitignore
		public\index.html = public\index.html
		package.json = package.json
		webpack.config.js = webpack.config.js
	EndProjectSection
EndProject
Global
	GlobalSection(SolutionConfigurationPlatforms) = preSolution
		Debug|Any CPU = Debug|Any CPU
		Release|Any CPU = Release|Any CPU
	EndGlobalSection
	GlobalSection(ProjectConfigurationPlatforms) = postSolution
		{B3E4E7E8-165D-4165-9840-0356AD442DDE}.Debug|Any CPU.ActiveCfg = Debug|Any CPU
		{B3E4E7E8-165D-4165-9840-0356AD442DDE}.Debug|Any CPU.Build.0 = Debug|Any CPU
		{B3E4E7E8-165D-4165-9840-0356AD442DDE}.Release|Any CPU.ActiveCfg = Release|Any CPU
		{B3E4E7E8-165D-4165-9840-0356AD442DDE}.Release|Any CPU.Build.0 = Release|Any CPU
		{5B6B4397-78F4-4377-8D04-285E4465715E}.Debug|Any CPU.ActiveCfg = Debug|Any CPU
		{5B6B4397-78F4-4377-8D04-285E4465715E}.Debug|Any CPU.Build.0 = Debug|Any CPU
		{5B6B4397-78F4-4377-8D04-285E4465715E}.Release|Any CPU.ActiveCfg = Release|Any CPU
		{5B6B4397-78F4-4377-8D04-285E4465715E}.Release|Any CPU.Build.0 = Release|Any CPU
	EndGlobalSection
	GlobalSection(SolutionProperties) = preSolution
		HideSolutionNode = FALSE
	EndGlobalSection
	GlobalSection(ExtensibilityGlobals) = postSolution
		SolutionGuid = {E103BB24-DAC4-4287-BEEC-14F325100AD7}
	EndGlobalSection
EndGlobal
